
Microsoft Visual Studio Solution File, Format Version 12.00
# Visual Studio Version 17
VisualStudioVersion = 17.0.31903.59
MinimumVisualStudioVersion = 10.0.40219.1
Project("{2150E333-8FDC-42A3-9474-1A3956D46DE8}") = "src", "src", "{9387220A-BBF5-40BF-9C55-D2C0E01F4DAC}"
EndProject
Project("{9A19103F-16F7-4668-BE54-9A1E7A4F7556}") = "Aiursoft.AiurObserver", "src\Aiursoft.AiurObserver\Aiursoft.AiurObserver.csproj", "{C2CD7F09-11FA-4C63-9852-9A7DD7FDEFC5}"
EndProject
Project("{2150E333-8FDC-42A3-9474-1A3956D46DE8}") = "tests", "tests", "{8E71A1F4-34B5-478D-877B-301F9314EB0D}"
EndProject
Project("{9A19103F-16F7-4668-BE54-9A1E7A4F7556}") = "Aiursoft.AiurObserver.Tests", "tests\Aiursoft.AiurObserver.Tests\Aiursoft.AiurObserver.Tests.csproj", "{7FB995AE-4FC2-4F8E-9853-818B5FCE8BF8}"
EndProject
Project("{9A19103F-16F7-4668-BE54-9A1E7A4F7556}") = "Aiursoft.AiurObserver.Abstractions", "src\Aiursoft.AiurObserver.Abstractions\Aiursoft.AiurObserver.Abstractions.csproj", "{683765F0-5B34-472D-9EBD-80052D1E2260}"
EndProject
Project("{FAE04EC0-301F-11D3-BF4B-00C04F79EFBC}") = "Aiursoft.AiurObserver.Command", "src\Aiursoft.AiurObserver.Command\Aiursoft.AiurObserver.Command.csproj", "{9ECC7A35-4E47-46A0-8726-0C46A1A85099}"
EndProject
Project("{FAE04EC0-301F-11D3-BF4B-00C04F79EFBC}") = "Aiursoft.AiurObserver.Extensions", "src\Aiursoft.AiurObserver.Extensions\Aiursoft.AiurObserver.Extensions.csproj", "{4DBD459E-5CE6-44A7-86FD-217BCA7FF400}"
EndProject
Project("{FAE04EC0-301F-11D3-BF4B-00C04F79EFBC}") = "Aiursoft.AiurObserver.Stream", "src\Aiursoft.AiurObserver.Stream\Aiursoft.AiurObserver.Stream.csproj", "{77536651-6D63-47D1-8DCE-2A5D9BB68B36}"
EndProject
Global
	GlobalSection(SolutionConfigurationPlatforms) = preSolution
		Debug|Any CPU = Debug|Any CPU
		Release|Any CPU = Release|Any CPU
	EndGlobalSection
	GlobalSection(ProjectConfigurationPlatforms) = postSolution
		{C2CD7F09-11FA-4C63-9852-9A7DD7FDEFC5}.Debug|Any CPU.ActiveCfg = Debug|Any CPU
		{C2CD7F09-11FA-4C63-9852-9A7DD7FDEFC5}.Debug|Any CPU.Build.0 = Debug|Any CPU
		{C2CD7F09-11FA-4C63-9852-9A7DD7FDEFC5}.Release|Any CPU.ActiveCfg = Release|Any CPU
		{C2CD7F09-11FA-4C63-9852-9A7DD7FDEFC5}.Release|Any CPU.Build.0 = Release|Any CPU
		{7FB995AE-4FC2-4F8E-9853-818B5FCE8BF8}.Debug|Any CPU.ActiveCfg = Debug|Any CPU
		{7FB995AE-4FC2-4F8E-9853-818B5FCE8BF8}.Debug|Any CPU.Build.0 = Debug|Any CPU
		{7FB995AE-4FC2-4F8E-9853-818B5FCE8BF8}.Release|Any CPU.ActiveCfg = Release|Any CPU
		{7FB995AE-4FC2-4F8E-9853-818B5FCE8BF8}.Release|Any CPU.Build.0 = Release|Any CPU
		{683765F0-5B34-472D-9EBD-80052D1E2260}.Debug|Any CPU.ActiveCfg = Debug|Any CPU
		{683765F0-5B34-472D-9EBD-80052D1E2260}.Debug|Any CPU.Build.0 = Debug|Any CPU
		{683765F0-5B34-472D-9EBD-80052D1E2260}.Release|Any CPU.ActiveCfg = Release|Any CPU
		{683765F0-5B34-472D-9EBD-80052D1E2260}.Release|Any CPU.Build.0 = Release|Any CPU
		{9ECC7A35-4E47-46A0-8726-0C46A1A85099}.Debug|Any CPU.ActiveCfg = Debug|Any CPU
		{9ECC7A35-4E47-46A0-8726-0C46A1A85099}.Debug|Any CPU.Build.0 = Debug|Any CPU
		{9ECC7A35-4E47-46A0-8726-0C46A1A85099}.Release|Any CPU.ActiveCfg = Release|Any CPU
		{9ECC7A35-4E47-46A0-8726-0C46A1A85099}.Release|Any CPU.Build.0 = Release|Any CPU
		{4DBD459E-5CE6-44A7-86FD-217BCA7FF400}.Debug|Any CPU.ActiveCfg = Debug|Any CPU
		{4DBD459E-5CE6-44A7-86FD-217BCA7FF400}.Debug|Any CPU.Build.0 = Debug|Any CPU
		{4DBD459E-5CE6-44A7-86FD-217BCA7FF400}.Release|Any CPU.ActiveCfg = Release|Any CPU
		{4DBD459E-5CE6-44A7-86FD-217BCA7FF400}.Release|Any CPU.Build.0 = Release|Any CPU
		{77536651-6D63-47D1-8DCE-2A5D9BB68B36}.Debug|Any CPU.ActiveCfg = Debug|Any CPU
		{77536651-6D63-47D1-8DCE-2A5D9BB68B36}.Debug|Any CPU.Build.0 = Debug|Any CPU
		{77536651-6D63-47D1-8DCE-2A5D9BB68B36}.Release|Any CPU.ActiveCfg = Release|Any CPU
		{77536651-6D63-47D1-8DCE-2A5D9BB68B36}.Release|Any CPU.Build.0 = Release|Any CPU
	EndGlobalSection
	GlobalSection(SolutionProperties) = preSolution
		HideSolutionNode = FALSE
	EndGlobalSection
	GlobalSection(NestedProjects) = preSolution
		{C2CD7F09-11FA-4C63-9852-9A7DD7FDEFC5} = {9387220A-BBF5-40BF-9C55-D2C0E01F4DAC}
		{7FB995AE-4FC2-4F8E-9853-818B5FCE8BF8} = {8E71A1F4-34B5-478D-877B-301F9314EB0D}
		{683765F0-5B34-472D-9EBD-80052D1E2260} = {9387220A-BBF5-40BF-9C55-D2C0E01F4DAC}
		{9ECC7A35-4E47-46A0-8726-0C46A1A85099} = {9387220A-BBF5-40BF-9C55-D2C0E01F4DAC}
		{4DBD459E-5CE6-44A7-86FD-217BCA7FF400} = {9387220A-BBF5-40BF-9C55-D2C0E01F4DAC}
		{77536651-6D63-47D1-8DCE-2A5D9BB68B36} = {9387220A-BBF5-40BF-9C55-D2C0E01F4DAC}
	EndGlobalSection
EndGlobal
